
Microsoft Visual Studio Solution File, Format Version 12.00
# Visual Studio Version 17
VisualStudioVersion = 17.5.33627.172
MinimumVisualStudioVersion = 10.0.40219.1
Project("{FAE04EC0-301F-11D3-BF4B-00C04F79EFBC}") = "Курсовая", "Курсовая\Курсовая.csproj", "{34C23E1E-18BD-4B08-A85A-E58F5F20A2B2}"
EndProject
Project("{FAE04EC0-301F-11D3-BF4B-00C04F79EFBC}") = "testirovanie", "testirovanie\testirovanie.csproj", "{09AA6D2F-AA1B-49B7-AF1D-2175D91446F3}"
EndProject
Project("{FAE04EC0-301F-11D3-BF4B-00C04F79EFBC}") = "Тестирование", "Тестирование\Тестирование.csproj", "{82213143-9171-49E7-9C8C-CB1951D07423}"
EndProject
Global
	GlobalSection(SolutionConfigurationPlatforms) = preSolution
		Debug|Any CPU = Debug|Any CPU
		Release|Any CPU = Release|Any CPU
	EndGlobalSection
	GlobalSection(ProjectConfigurationPlatforms) = postSolution
		{34C23E1E-18BD-4B08-A85A-E58F5F20A2B2}.Debug|Any CPU.ActiveCfg = Debug|Any CPU
		{34C23E1E-18BD-4B08-A85A-E58F5F20A2B2}.Debug|Any CPU.Build.0 = Debug|Any CPU
		{34C23E1E-18BD-4B08-A85A-E58F5F20A2B2}.Release|Any CPU.ActiveCfg = Release|Any CPU
		{34C23E1E-18BD-4B08-A85A-E58F5F20A2B2}.Release|Any CPU.Build.0 = Release|Any CPU
		{09AA6D2F-AA1B-49B7-AF1D-2175D91446F3}.Debug|Any CPU.ActiveCfg = Debug|Any CPU
		{09AA6D2F-AA1B-49B7-AF1D-2175D91446F3}.Debug|Any CPU.Build.0 = Debug|Any CPU
		{09AA6D2F-AA1B-49B7-AF1D-2175D91446F3}.Release|Any CPU.ActiveCfg = Release|Any CPU
		{09AA6D2F-AA1B-49B7-AF1D-2175D91446F3}.Release|Any CPU.Build.0 = Release|Any CPU
		{82213143-9171-49E7-9C8C-CB1951D07423}.Debug|Any CPU.ActiveCfg = Debug|Any CPU
		{82213143-9171-49E7-9C8C-CB1951D07423}.Debug|Any CPU.Build.0 = Debug|Any CPU
		{82213143-9171-49E7-9C8C-CB1951D07423}.Release|Any CPU.ActiveCfg = Release|Any CPU
		{82213143-9171-49E7-9C8C-CB1951D07423}.Release|Any CPU.Build.0 = Release|Any CPU
	EndGlobalSection
	GlobalSection(SolutionProperties) = preSolution
		HideSolutionNode = FALSE
	EndGlobalSection
	GlobalSection(ExtensibilityGlobals) = postSolution
		SolutionGuid = {7E33937C-3F1D-466D-A2E5-BB4E68D448E5}
	EndGlobalSection
EndGlobal
